github.com/F-r-o-i-d/GoExF v0.0.0-20221201072414-8f85ba62512f h1:OBJq1RDZ6qWv8GZxMPtjJfEjrP+xiSeRKAgNA5ejE68=
github.com/F-r-o-i-d/GoExF v0.0.0-20221201072414-8f85ba62512f/go.mod h1:/5Ax3rFo39Glj3xYK2ewQ/DfHwpefL8nXX4NdlkY65I=
github.com/F-r-o-i-d/GoExF/GoExF v0.0.0-20221201072414-8f85ba62512f h1:3URITEQ2sN7jtphass1Zreggf4f23Wf/fTc1b9RMxo0=
github.com/F-r-o-i-d/GoExF/GoExF v0.0.0-20221201072414-8f85ba62512f/go.mod h1:6HSGTPnHIveU/8VAyMok4Bs9Ze5ZlSJvvHAFawMixtg=
